
Microsoft Visual Studio Solution File, Format Version 12.00
# Visual Studio Version 16
VisualStudioVersion = 16.0.29709.97
MinimumVisualStudioVersion = 10.0.40219.1
Project("{9A19103F-16F7-4668-BE54-9A1E7A4F7556}") = "Whiteboard(MSSA)", "Whiteboard(MSSA)\Whiteboard(MSSA).csproj", "{FA80A648-AFCE-4B87-B682-840C3C3D9035}"
EndProject
Project("{9A19103F-16F7-4668-BE54-9A1E7A4F7556}") = "Tuition", "Tuition\Tuition.csproj", "{63542734-B51E-4093-9A7B-D27C77262FE0}"
EndProject
Project("{9A19103F-16F7-4668-BE54-9A1E7A4F7556}") = "MonteCarlo", "MonteCarlo\MonteCarlo.csproj", "{C6917A34-9D40-45E5-B624-5E76B8576802}"
EndProject
Project("{9A19103F-16F7-4668-BE54-9A1E7A4F7556}") = "EX3A", "EX3A\EX3A.csproj", "{CE8959E3-E10F-4700-B98E-ED5ACDA2ACA7}"
EndProject
Project("{9A19103F-16F7-4668-BE54-9A1E7A4F7556}") = "WhiteboardPractice1", "WhiteboardPractice1\WhiteboardPractice1.csproj", "{5ECF1745-9F11-4A45-80F9-76A0C76211BC}"
EndProject
Project("{9A19103F-16F7-4668-BE54-9A1E7A4F7556}") = "WhiteboardPractice1Test", "WhiteboardPractice1Test\WhiteboardPractice1Test.csproj", "{35F100C1-1A7F-430B-A268-A719183D4F22}"
EndProject
Project("{9A19103F-16F7-4668-BE54-9A1E7A4F7556}") = "PrimeCounter", "PrimeCounter\PrimeCounter.csproj", "{78F5CE7A-2530-457A-A775-8940D6FB055F}"
EndProject
Project("{9A19103F-16F7-4668-BE54-9A1E7A4F7556}") = "JulianDateStruct", "JulianDate\JulianDateStruct.csproj", "{B734A256-A5FF-4EDD-99F6-5A9F23226292}"
EndProject
Project("{9A19103F-16F7-4668-BE54-9A1E7A4F7556}") = "ReturnStringAlphabetical", "ReturnStringAlphabetical\ReturnStringAlphabetical.csproj", "{8F696F74-35F9-459A-9BA8-989CDE7ADB53}"
EndProject
Project("{9A19103F-16F7-4668-BE54-9A1E7A4F7556}") = "ArrayPractice1", "ArrayPractice1\ArrayPractice1.csproj", "{E7D61DC3-C0E3-484B-819D-4B2ECC58C956}"
EndProject
Project("{9A19103F-16F7-4668-BE54-9A1E7A4F7556}") = "Swap", "Swap\Swap.csproj", "{539BBB1A-F3EB-4CDB-887B-7DF0C793FE57}"
EndProject
Project("{9A19103F-16F7-4668-BE54-9A1E7A4F7556}") = "SortArray1", "SortArray1\SortArray1.csproj", "{0F970EB2-1115-42F8-B88B-269F074DD6DC}"
EndProject
Project("{9A19103F-16F7-4668-BE54-9A1E7A4F7556}") = "AngleTimeOfDay", "AngleTimeOfDay\AngleTimeOfDay.csproj", "{4DCA7212-9B4D-4E29-ACA4-C6D0C224FA07}"
EndProject
Project("{9A19103F-16F7-4668-BE54-9A1E7A4F7556}") = "AngleTimeUnitTest", "AngleTimeUnitTest\AngleTimeUnitTest.csproj", "{1902D652-5E1E-4534-9A14-81F2DCA53D40}"
EndProject
Project("{9A19103F-16F7-4668-BE54-9A1E7A4F7556}") = "CountWords", "CountWords\CountWords.csproj", "{11F4A9C2-4004-47D9-988A-6FA77820D8EF}"
EndProject
Project("{9A19103F-16F7-4668-BE54-9A1E7A4F7556}") = "CountWordsTest", "CountWordsTest\CountWordsTest.csproj", "{8BCCC767-4DDD-4497-8A4C-70B243CCA3F4}"
EndProject
Project("{9A19103F-16F7-4668-BE54-9A1E7A4F7556}") = "FileIO", "FileIO\FileIO.csproj", "{DB7C206E-F18D-46C0-9B1D-41A87AB8E0C0}"
EndProject
Project("{9A19103F-16F7-4668-BE54-9A1E7A4F7556}") = "CountCapitals", "CountCapitals\CountCapitals.csproj", "{14285AC0-027E-4205-9D45-52C806294A62}"
EndProject
Project("{9A19103F-16F7-4668-BE54-9A1E7A4F7556}") = "WordCountNoSpec", "WordCountNoSpec\WordCountNoSpec.csproj", "{D9748F3B-DCE6-4158-BBFD-D6B1F372D3D8}"
EndProject
Project("{9A19103F-16F7-4668-BE54-9A1E7A4F7556}") = "ReturnSumOfDoubles", "ReturnSumOfDoubles\ReturnSumOfDoubles.csproj", "{E11FE88A-C695-4654-BAD5-D12433368DC0}"
EndProject
Project("{9A19103F-16F7-4668-BE54-9A1E7A4F7556}") = "ReturnSumOfDoublesTest", "ResturnSumOfDoublesTest\ReturnSumOfDoublesTest.csproj", "{150C6C1B-7216-4F4A-81CE-6B5E4ED3BFB7}"
EndProject
Project("{9A19103F-16F7-4668-BE54-9A1E7A4F7556}") = "ReturnNumberOfDistinct", "ReturnNumberOfDistinct\ReturnNumberOfDistinct.csproj", "{13C0ABBA-95EA-4437-886C-928687F23499}"
EndProject
Project("{9A19103F-16F7-4668-BE54-9A1E7A4F7556}") = "ReturnNumberOfDistinctTest", "ReturnNumberOfDistinctTest\ReturnNumberOfDistinctTest.csproj", "{5ADBDC4B-1C0E-4596-BAD6-433A35F9656B}"
EndProject
Project("{9A19103F-16F7-4668-BE54-9A1E7A4F7556}") = "CountUpperCaseLetters", "CountUpperCaseLetters\CountUpperCaseLetters.csproj", "{EBAC47E0-2E1C-4E81-9E40-5C7F32AA369D}"
EndProject
Project("{9A19103F-16F7-4668-BE54-9A1E7A4F7556}") = "CountUpperCaseLettersTest", "CountUpperCaseLettersTest\CountUpperCaseLettersTest.csproj", "{687FB779-0E7C-4E01-B856-B06ACF9C953A}"
EndProject
Project("{9A19103F-16F7-4668-BE54-9A1E7A4F7556}") = "DrawTriangle", "DrawTriangle\DrawTriangle.csproj", "{84557BB4-6EB5-4209-9052-3D19D63EF7B8}"
EndProject
Project("{9A19103F-16F7-4668-BE54-9A1E7A4F7556}") = "ConsoleApp1", "ConsoleApp1\ConsoleApp1.csproj", "{EAFDB7E0-6E8C-4E8D-A3AE-6D4208167FA0}"
EndProject
Project("{FAE04EC0-301F-11D3-BF4B-00C04F79EFBC}") = "ReverseInt", "ReverseInt\ReverseInt.csproj", "{9BB0DCFB-54EC-4BE4-B5D7-3A53CCF4C462}"
EndProject
Global
	GlobalSection(SolutionConfigurationPlatforms) = preSolution
		Debug|Any CPU = Debug|Any CPU
		Release|Any CPU = Release|Any CPU
	EndGlobalSection
	GlobalSection(ProjectConfigurationPlatforms) = postSolution
		{FA80A648-AFCE-4B87-B682-840C3C3D9035}.Debug|Any CPU.ActiveCfg = Debug|Any CPU
		{FA80A648-AFCE-4B87-B682-840C3C3D9035}.Debug|Any CPU.Build.0 = Debug|Any CPU
		{FA80A648-AFCE-4B87-B682-840C3C3D9035}.Release|Any CPU.ActiveCfg = Release|Any CPU
		{FA80A648-AFCE-4B87-B682-840C3C3D9035}.Release|Any CPU.Build.0 = Release|Any CPU
		{63542734-B51E-4093-9A7B-D27C77262FE0}.Debug|Any CPU.ActiveCfg = Debug|Any CPU
		{63542734-B51E-4093-9A7B-D27C77262FE0}.Debug|Any CPU.Build.0 = Debug|Any CPU
		{63542734-B51E-4093-9A7B-D27C77262FE0}.Release|Any CPU.ActiveCfg = Release|Any CPU
		{63542734-B51E-4093-9A7B-D27C77262FE0}.Release|Any CPU.Build.0 = Release|Any CPU
		{C6917A34-9D40-45E5-B624-5E76B8576802}.Debug|Any CPU.ActiveCfg = Debug|Any CPU
		{C6917A34-9D40-45E5-B624-5E76B8576802}.Debug|Any CPU.Build.0 = Debug|Any CPU
		{C6917A34-9D40-45E5-B624-5E76B8576802}.Release|Any CPU.ActiveCfg = Release|Any CPU
		{C6917A34-9D40-45E5-B624-5E76B8576802}.Release|Any CPU.Build.0 = Release|Any CPU
		{CE8959E3-E10F-4700-B98E-ED5ACDA2ACA7}.Debug|Any CPU.ActiveCfg = Debug|Any CPU
		{CE8959E3-E10F-4700-B98E-ED5ACDA2ACA7}.Debug|Any CPU.Build.0 = Debug|Any CPU
		{CE8959E3-E10F-4700-B98E-ED5ACDA2ACA7}.Release|Any CPU.ActiveCfg = Release|Any CPU
		{CE8959E3-E10F-4700-B98E-ED5ACDA2ACA7}.Release|Any CPU.Build.0 = Release|Any CPU
		{5ECF1745-9F11-4A45-80F9-76A0C76211BC}.Debug|Any CPU.ActiveCfg = Debug|Any CPU
		{5ECF1745-9F11-4A45-80F9-76A0C76211BC}.Debug|Any CPU.Build.0 = Debug|Any CPU
		{5ECF1745-9F11-4A45-80F9-76A0C76211BC}.Release|Any CPU.ActiveCfg = Release|Any CPU
		{5ECF1745-9F11-4A45-80F9-76A0C76211BC}.Release|Any CPU.Build.0 = Release|Any CPU
		{35F100C1-1A7F-430B-A268-A719183D4F22}.Debug|Any CPU.ActiveCfg = Debug|Any CPU
		{35F100C1-1A7F-430B-A268-A719183D4F22}.Debug|Any CPU.Build.0 = Debug|Any CPU
		{35F100C1-1A7F-430B-A268-A719183D4F22}.Release|Any CPU.ActiveCfg = Release|Any CPU
		{35F100C1-1A7F-430B-A268-A719183D4F22}.Release|Any CPU.Build.0 = Release|Any CPU
		{78F5CE7A-2530-457A-A775-8940D6FB055F}.Debug|Any CPU.ActiveCfg = Debug|Any CPU
		{78F5CE7A-2530-457A-A775-8940D6FB055F}.Debug|Any CPU.Build.0 = Debug|Any CPU
		{78F5CE7A-2530-457A-A775-8940D6FB055F}.Release|Any CPU.ActiveCfg = Release|Any CPU
		{78F5CE7A-2530-457A-A775-8940D6FB055F}.Release|Any CPU.Build.0 = Release|Any CPU
		{B734A256-A5FF-4EDD-99F6-5A9F23226292}.Debug|Any CPU.ActiveCfg = Debug|Any CPU
		{B734A256-A5FF-4EDD-99F6-5A9F23226292}.Debug|Any CPU.Build.0 = Debug|Any CPU
		{B734A256-A5FF-4EDD-99F6-5A9F23226292}.Release|Any CPU.ActiveCfg = Release|Any CPU
		{B734A256-A5FF-4EDD-99F6-5A9F23226292}.Release|Any CPU.Build.0 = Release|Any CPU
		{8F696F74-35F9-459A-9BA8-989CDE7ADB53}.Debug|Any CPU.ActiveCfg = Debug|Any CPU
		{8F696F74-35F9-459A-9BA8-989CDE7ADB53}.Debug|Any CPU.Build.0 = Debug|Any CPU
		{8F696F74-35F9-459A-9BA8-989CDE7ADB53}.Release|Any CPU.ActiveCfg = Release|Any CPU
		{8F696F74-35F9-459A-9BA8-989CDE7ADB53}.Release|Any CPU.Build.0 = Release|Any CPU
		{E7D61DC3-C0E3-484B-819D-4B2ECC58C956}.Debug|Any CPU.ActiveCfg = Debug|Any CPU
		{E7D61DC3-C0E3-484B-819D-4B2ECC58C956}.Debug|Any CPU.Build.0 = Debug|Any CPU
		{E7D61DC3-C0E3-484B-819D-4B2ECC58C956}.Release|Any CPU.ActiveCfg = Release|Any CPU
		{E7D61DC3-C0E3-484B-819D-4B2ECC58C956}.Release|Any CPU.Build.0 = Release|Any CPU
		{539BBB1A-F3EB-4CDB-887B-7DF0C793FE57}.Debug|Any CPU.ActiveCfg = Debug|Any CPU
		{539BBB1A-F3EB-4CDB-887B-7DF0C793FE57}.Debug|Any CPU.Build.0 = Debug|Any CPU
		{539BBB1A-F3EB-4CDB-887B-7DF0C793FE57}.Release|Any CPU.ActiveCfg = Release|Any CPU
		{539BBB1A-F3EB-4CDB-887B-7DF0C793FE57}.Release|Any CPU.Build.0 = Release|Any CPU
		{0F970EB2-1115-42F8-B88B-269F074DD6DC}.Debug|Any CPU.ActiveCfg = Debug|Any CPU
		{0F970EB2-1115-42F8-B88B-269F074DD6DC}.Debug|Any CPU.Build.0 = Debug|Any CPU
		{0F970EB2-1115-42F8-B88B-269F074DD6DC}.Release|Any CPU.ActiveCfg = Release|Any CPU
		{0F970EB2-1115-42F8-B88B-269F074DD6DC}.Release|Any CPU.Build.0 = Release|Any CPU
		{4DCA7212-9B4D-4E29-ACA4-C6D0C224FA07}.Debug|Any CPU.ActiveCfg = Debug|Any CPU
		{4DCA7212-9B4D-4E29-ACA4-C6D0C224FA07}.Debug|Any CPU.Build.0 = Debug|Any CPU
		{4DCA7212-9B4D-4E29-ACA4-C6D0C224FA07}.Release|Any CPU.ActiveCfg = Release|Any CPU
		{4DCA7212-9B4D-4E29-ACA4-C6D0C224FA07}.Release|Any CPU.Build.0 = Release|Any CPU
		{1902D652-5E1E-4534-9A14-81F2DCA53D40}.Debug|Any CPU.ActiveCfg = Debug|Any CPU
		{1902D652-5E1E-4534-9A14-81F2DCA53D40}.Debug|Any CPU.Build.0 = Debug|Any CPU
		{1902D652-5E1E-4534-9A14-81F2DCA53D40}.Release|Any CPU.ActiveCfg = Release|Any CPU
		{1902D652-5E1E-4534-9A14-81F2DCA53D40}.Release|Any CPU.Build.0 = Release|Any CPU
		{11F4A9C2-4004-47D9-988A-6FA77820D8EF}.Debug|Any CPU.ActiveCfg = Debug|Any CPU
		{11F4A9C2-4004-47D9-988A-6FA77820D8EF}.Debug|Any CPU.Build.0 = Debug|Any CPU
		{11F4A9C2-4004-47D9-988A-6FA77820D8EF}.Release|Any CPU.ActiveCfg = Release|Any CPU
		{11F4A9C2-4004-47D9-988A-6FA77820D8EF}.Release|Any CPU.Build.0 = Release|Any CPU
		{8BCCC767-4DDD-4497-8A4C-70B243CCA3F4}.Debug|Any CPU.ActiveCfg = Debug|Any CPU
		{8BCCC767-4DDD-4497-8A4C-70B243CCA3F4}.Debug|Any CPU.Build.0 = Debug|Any CPU
		{8BCCC767-4DDD-4497-8A4C-70B243CCA3F4}.Release|Any CPU.ActiveCfg = Release|Any CPU
		{8BCCC767-4DDD-4497-8A4C-70B243CCA3F4}.Release|Any CPU.Build.0 = Release|Any CPU
		{DB7C206E-F18D-46C0-9B1D-41A87AB8E0C0}.Debug|Any CPU.ActiveCfg = Debug|Any CPU
		{DB7C206E-F18D-46C0-9B1D-41A87AB8E0C0}.Debug|Any CPU.Build.0 = Debug|Any CPU
		{DB7C206E-F18D-46C0-9B1D-41A87AB8E0C0}.Release|Any CPU.ActiveCfg = Release|Any CPU
		{DB7C206E-F18D-46C0-9B1D-41A87AB8E0C0}.Release|Any CPU.Build.0 = Release|Any CPU
		{14285AC0-027E-4205-9D45-52C806294A62}.Debug|Any CPU.ActiveCfg = Debug|Any CPU
		{14285AC0-027E-4205-9D45-52C806294A62}.Debug|Any CPU.Build.0 = Debug|Any CPU
		{14285AC0-027E-4205-9D45-52C806294A62}.Release|Any CPU.ActiveCfg = Release|Any CPU
		{14285AC0-027E-4205-9D45-52C806294A62}.Release|Any CPU.Build.0 = Release|Any CPU
		{D9748F3B-DCE6-4158-BBFD-D6B1F372D3D8}.Debug|Any CPU.ActiveCfg = Debug|Any CPU
		{D9748F3B-DCE6-4158-BBFD-D6B1F372D3D8}.Debug|Any CPU.Build.0 = Debug|Any CPU
		{D9748F3B-DCE6-4158-BBFD-D6B1F372D3D8}.Release|Any CPU.ActiveCfg = Release|Any CPU
		{D9748F3B-DCE6-4158-BBFD-D6B1F372D3D8}.Release|Any CPU.Build.0 = Release|Any CPU
		{E11FE88A-C695-4654-BAD5-D12433368DC0}.Debug|Any CPU.ActiveCfg = Debug|Any CPU
		{E11FE88A-C695-4654-BAD5-D12433368DC0}.Debug|Any CPU.Build.0 = Debug|Any CPU
		{E11FE88A-C695-4654-BAD5-D12433368DC0}.Release|Any CPU.ActiveCfg = Release|Any CPU
		{E11FE88A-C695-4654-BAD5-D12433368DC0}.Release|Any CPU.Build.0 = Release|Any CPU
		{150C6C1B-7216-4F4A-81CE-6B5E4ED3BFB7}.Debug|Any CPU.ActiveCfg = Debug|Any CPU
		{150C6C1B-7216-4F4A-81CE-6B5E4ED3BFB7}.Debug|Any CPU.Build.0 = Debug|Any CPU
		{150C6C1B-7216-4F4A-81CE-6B5E4ED3BFB7}.Release|Any CPU.ActiveCfg = Release|Any CPU
		{150C6C1B-7216-4F4A-81CE-6B5E4ED3BFB7}.Release|Any CPU.Build.0 = Release|Any CPU
		{13C0ABBA-95EA-4437-886C-928687F23499}.Debug|Any CPU.ActiveCfg = Debug|Any CPU
		{13C0ABBA-95EA-4437-886C-928687F23499}.Debug|Any CPU.Build.0 = Debug|Any CPU
		{13C0ABBA-95EA-4437-886C-928687F23499}.Release|Any CPU.ActiveCfg = Release|Any CPU
		{13C0ABBA-95EA-4437-886C-928687F23499}.Release|Any CPU.Build.0 = Release|Any CPU
		{5ADBDC4B-1C0E-4596-BAD6-433A35F9656B}.Debug|Any CPU.ActiveCfg = Debug|Any CPU
		{5ADBDC4B-1C0E-4596-BAD6-433A35F9656B}.Debug|Any CPU.Build.0 = Debug|Any CPU
		{5ADBDC4B-1C0E-4596-BAD6-433A35F9656B}.Release|Any CPU.ActiveCfg = Release|Any CPU
		{5ADBDC4B-1C0E-4596-BAD6-433A35F9656B}.Release|Any CPU.Build.0 = Release|Any CPU
		{EBAC47E0-2E1C-4E81-9E40-5C7F32AA369D}.Debug|Any CPU.ActiveCfg = Debug|Any CPU
		{EBAC47E0-2E1C-4E81-9E40-5C7F32AA369D}.Debug|Any CPU.Build.0 = Debug|Any CPU
		{EBAC47E0-2E1C-4E81-9E40-5C7F32AA369D}.Release|Any CPU.ActiveCfg = Release|Any CPU
		{EBAC47E0-2E1C-4E81-9E40-5C7F32AA369D}.Release|Any CPU.Build.0 = Release|Any CPU
		{687FB779-0E7C-4E01-B856-B06ACF9C953A}.Debug|Any CPU.ActiveCfg = Debug|Any CPU
		{687FB779-0E7C-4E01-B856-B06ACF9C953A}.Debug|Any CPU.Build.0 = Debug|Any CPU
		{687FB779-0E7C-4E01-B856-B06ACF9C953A}.Release|Any CPU.ActiveCfg = Release|Any CPU
		{687FB779-0E7C-4E01-B856-B06ACF9C953A}.Release|Any CPU.Build.0 = Release|Any CPU
		{84557BB4-6EB5-4209-9052-3D19D63EF7B8}.Debug|Any CPU.ActiveCfg = Debug|Any CPU
		{84557BB4-6EB5-4209-9052-3D19D63EF7B8}.Debug|Any CPU.Build.0 = Debug|Any CPU
		{84557BB4-6EB5-4209-9052-3D19D63EF7B8}.Release|Any CPU.ActiveCfg = Release|Any CPU
		{84557BB4-6EB5-4209-9052-3D19D63EF7B8}.Release|Any CPU.Build.0 = Release|Any CPU
		{EAFDB7E0-6E8C-4E8D-A3AE-6D4208167FA0}.Debug|Any CPU.ActiveCfg = Debug|Any CPU
		{EAFDB7E0-6E8C-4E8D-A3AE-6D4208167FA0}.Debug|Any CPU.Build.0 = Debug|Any CPU
		{EAFDB7E0-6E8C-4E8D-A3AE-6D4208167FA0}.Release|Any CPU.ActiveCfg = Release|Any CPU
		{EAFDB7E0-6E8C-4E8D-A3AE-6D4208167FA0}.Release|Any CPU.Build.0 = Release|Any CPU
		{9BB0DCFB-54EC-4BE4-B5D7-3A53CCF4C462}.Debug|Any CPU.ActiveCfg = Debug|Any CPU
		{9BB0DCFB-54EC-4BE4-B5D7-3A53CCF4C462}.Debug|Any CPU.Build.0 = Debug|Any CPU
		{9BB0DCFB-54EC-4BE4-B5D7-3A53CCF4C462}.Release|Any CPU.ActiveCfg = Release|Any CPU
		{9BB0DCFB-54EC-4BE4-B5D7-3A53CCF4C462}.Release|Any CPU.Build.0 = Release|Any CPU
	EndGlobalSection
	GlobalSection(SolutionProperties) = preSolution
		HideSolutionNode = FALSE
	EndGlobalSection
	GlobalSection(ExtensibilityGlobals) = postSolution
		SolutionGuid = {5BED42DB-EF71-4B44-B0F0-D1379961E756}
	EndGlobalSection
EndGlobal
